<?xml version="1.0" encoding="utf-8"?>
<Project ToolsVersion="4.0" xmlns="http://schemas.microsoft.com/developer/msbuild/2003">
  <ItemGroup>
    <Filter Include="Source Files">
      <UniqueIdentifier>{4FC737F1-C7A5-4376-A066-2A32D752A2FF}</UniqueIdentifier>
      <Extensions>cpp;c;cc;cxx;def;odl;idl;hpj;bat;asm;asmx</Extensions>
    </Filter>
    <Filter Include="Header Files">
      <UniqueIdentifier>{93995380-89BD-4b04-88EB-625FBE52EBFB}</UniqueIdentifier>
      <Extensions>h;hh;hpp;hxx;hm;inl;inc;ipp;xsd</Extensions>
    </Filter>
    <Filter Include="Resource Files">
      <UniqueIdentifier>{67DA6AB6-F800-4c08-8B7A-83BB121AAD01}</UniqueIdentifier>
      <Extensions>rc;ico;cur;bmp;dlg;rc2;rct;bin;rgs;gif;jpg;jpeg;jpe;resx;tiff;tif;png;wav;mfcribbon-ms</Extensions>
    </Filter>
  </ItemGroup>
  <ItemGroup>
    <ClCompile Include="matanel_tests.cpp">
      <Filter>Source Files</Filter>
    </ClCompile>
    <ClCompile Include="main_tests.cpp">
      <Filter>Source Files</Filter>
    </ClCompile>
    <ClCompile Include="StopWatch.cpp">
      <Filter>Source Files</Filter>
    </ClCompile>
    <ClCompile Include="TextureInfo.cpp">
      <Filter>Source Files</Filter>
    </ClCompile>
    <ClCompile Include="TextureManager.cpp">
      <Filter>Source Files</Filter>
    </ClCompile>
    <ClCompile Include="TextView.cpp">
      <Filter>Source Files</Filter>
    </ClCompile>
    <ClCompile Include="Timer.cpp">
      <Filter>Source Files</Filter>
    </ClCompile>
    <ClCompile Include="Utilities.cpp">
      <Filter>Source Files</Filter>
    </ClCompile>
    <ClCompile Include="View.cpp">
      <Filter>Source Files</Filter>
    </ClCompile>
    <ClCompile Include="AlertDialog.cpp">
      <Filter>Source Files</Filter>
    </ClCompile>
    <ClCompile Include="AnimationView.cpp">
      <Filter>Source Files</Filter>
    </ClCompile>
    <ClCompile Include="Border.cpp">
      <Filter>Source Files</Filter>
    </ClCompile>
    <ClCompile Include="Button.cpp">
      <Filter>Source Files</Filter>
    </ClCompile>
    <ClCompile Include="Cell.cpp">
      <Filter>Source Files</Filter>
    </ClCompile>
    <ClCompile Include="EditText.cpp">
      <Filter>Source Files</Filter>
    </ClCompile>
    <ClCompile Include="ErrorDialog.cpp">
      <Filter>Source Files</Filter>
    </ClCompile>
    <ClCompile Include="FontManager.cpp">
      <Filter>Source Files</Filter>
    </ClCompile>
    <ClCompile Include="ImageButton.cpp">
      <Filter>Source Files</Filter>
    </ClCompile>
    <ClCompile Include="ImageTexture.cpp">
      <Filter>Source Files</Filter>
    </ClCompile>
    <ClCompile Include="ImageView.cpp">
      <Filter>Source Files</Filter>
    </ClCompile>
    <ClCompile Include="LoadResourceException.cpp">
      <Filter>Source Files</Filter>
    </ClCompile>
    <ClCompile Include="RectUtils.cpp">
      <Filter>Source Files</Filter>
    </ClCompile>
    <ClCompile Include="SoundManager.cpp">
      <Filter>Source Files</Filter>
    </ClCompile>
    <ClCompile Include="ResourceLoader.cpp">
      <Filter>Source Files</Filter>
    </ClCompile>
    <ClCompile Include="nahum_tests.cpp">
      <Filter>Source Files</Filter>
    </ClCompile>
    <ClCompile Include="akiva_tests.cpp">
      <Filter>Source Files</Filter>
    </ClCompile>
    <ClCompile Include="KeyValueFile.cpp">
      <Filter>Source Files</Filter>
    </ClCompile>
    <ClCompile Include="LifeView.cpp">
      <Filter>Source Files</Filter>
    </ClCompile>
    <ClCompile Include="CoinView.cpp">
      <Filter>Source Files</Filter>
    </ClCompile>
    <ClCompile Include="MainScreen.cpp">
      <Filter>Source Files</Filter>
    </ClCompile>
    <ClCompile Include="LevelInfo.cpp">
      <Filter>Source Files</Filter>
    </ClCompile>
    <ClCompile Include="Tool.cpp">
      <Filter>Source Files</Filter>
    </ClCompile>
    <ClCompile Include="ToolView.cpp">
      <Filter>Source Files</Filter>
    </ClCompile>
    <ClCompile Include="BoardObject.cpp">
      <Filter>Source Files</Filter>
    </ClCompile>
    <ClCompile Include="GameScreen.cpp">
      <Filter>Source Files</Filter>
    </ClCompile>
    <ClCompile Include="Character.cpp">
      <Filter>Source Files</Filter>
    </ClCompile>
    <ClCompile Include="MovingObject.cpp">
      <Filter>Source Files</Filter>
    </ClCompile>
    <ClCompile Include="InteractableObject.cpp">
      <Filter>Source Files</Filter>
    </ClCompile>
    <ClCompile Include="Player.cpp">
      <Filter>Source Files</Filter>
    </ClCompile>
    <ClCompile Include="LevelFileManager.cpp">
      <Filter>Source Files</Filter>
    </ClCompile>
    <ClCompile Include="GameObjectInfo.cpp">
      <Filter>Source Files</Filter>
    </ClCompile>
    <ClCompile Include="ParseGOIException.cpp">
      <Filter>Source Files</Filter>
    </ClCompile>
    <ClCompile Include="GOIFileParser.cpp">
      <Filter>Source Files</Filter>
    </ClCompile>
    <ClCompile Include="GameMenu.cpp">
      <Filter>Source Files</Filter>
    </ClCompile>
    <ClCompile Include="BODS.cpp">
      <Filter>Source Files</Filter>
    </ClCompile>
    <ClCompile Include="Flow.cpp">
      <Filter>Source Files</Filter>
    </ClCompile>
    <ClCompile Include="GameObjectsList.cpp">
      <Filter>Source Files</Filter>
    </ClCompile>
    <ClCompile Include="GameObjectView.cpp">
      <Filter>Source Files</Filter>
    </ClCompile>
    <ClCompile Include="NPC.cpp">
      <Filter>Source Files</Filter>
    </ClCompile>
    <ClCompile Include="Shark.cpp">
      <Filter>Source Files</Filter>
    </ClCompile>
    <ClCompile Include="StaticObject.cpp">
      <Filter>Source Files</Filter>
    </ClCompile>
    <ClCompile Include="World.cpp">
      <Filter>Source Files</Filter>
    </ClCompile>
    <ClCompile Include="Wall.cpp">
      <Filter>Source Files</Filter>
    </ClCompile>
    <ClCompile Include="Crab.cpp">
      <Filter>Source Files</Filter>
    </ClCompile>
    <ClCompile Include="Surprise.cpp">
      <Filter>Source Files</Filter>
    </ClCompile>
    <ClCompile Include="Container.cpp">
      <Filter>Source Files</Filter>
    </ClCompile>
    <ClCompile Include="Chest.cpp">
      <Filter>Source Files</Filter>
    </ClCompile>
    <ClCompile Include="AK47.cpp">
      <Filter>Source Files</Filter>
    </ClCompile>
    <ClCompile Include="HotWeapon.cpp">
      <Filter>Source Files</Filter>
    </ClCompile>
    <ClCompile Include="Weapon.cpp">
      <Filter>Source Files</Filter>
    </ClCompile>
    <ClCompile Include="WorkingTool.cpp">
      <Filter>Source Files</Filter>
    </ClCompile>
    <ClCompile Include="EditMapView.cpp">
      <Filter>Source Files</Filter>
    </ClCompile>
    <ClCompile Include="MapCellView.cpp">
      <Filter>Source Files</Filter>
    </ClCompile>
    <ClCompile Include="Bullet.cpp">
      <Filter>Source Files</Filter>
    </ClCompile>
    <ClCompile Include="Projectile.cpp">
      <Filter>Source Files</Filter>
    </ClCompile>
    <ClCompile Include="Gift.cpp">
      <Filter>Source Files</Filter>
    </ClCompile>
    <ClCompile Include="LifeGift.cpp">
      <Filter>Source Files</Filter>
    </ClCompile>
    <ClCompile Include="EditMenu.cpp">
      <Filter>Source Files</Filter>
    </ClCompile>
    <ClCompile Include="EditScreen.cpp">
      <Filter>Source Files</Filter>
    </ClCompile>
    <ClCompile Include="Rubber.cpp">
      <Filter>Source Files</Filter>
    </ClCompile>
    <ClCompile Include="ToolGift.cpp">
      <Filter>Source Files</Filter>
    </ClCompile>
  </ItemGroup>
  <ItemGroup>
    <ClInclude Include="SoundManager.h">
      <Filter>Header Files</Filter>
    </ClInclude>
    <ClInclude Include="StopWatch.h">
      <Filter>Header Files</Filter>
    </ClInclude>
    <ClInclude Include="TextureInfo.h">
      <Filter>Header Files</Filter>
    </ClInclude>
    <ClInclude Include="TextureManager.h">
      <Filter>Header Files</Filter>
    </ClInclude>
    <ClInclude Include="TextView.h">
      <Filter>Header Files</Filter>
    </ClInclude>
    <ClInclude Include="Timer.h">
      <Filter>Header Files</Filter>
    </ClInclude>
    <ClInclude Include="Utilities.h">
      <Filter>Header Files</Filter>
    </ClInclude>
    <ClInclude Include="VerticalLayout.h">
      <Filter>Header Files</Filter>
    </ClInclude>
    <ClInclude Include="View.h">
      <Filter>Header Files</Filter>
    </ClInclude>
    <ClInclude Include="ViewGroup.h">
      <Filter>Header Files</Filter>
    </ClInclude>
    <ClInclude Include="AlertDialog.h">
      <Filter>Header Files</Filter>
    </ClInclude>
    <ClInclude Include="AnimationView.h">
      <Filter>Header Files</Filter>
    </ClInclude>
    <ClInclude Include="BaseScreen.h">
      <Filter>Header Files</Filter>
    </ClInclude>
    <ClInclude Include="Border.h">
      <Filter>Header Files</Filter>
    </ClInclude>
    <ClInclude Include="Button.h">
      <Filter>Header Files</Filter>
    </ClInclude>
    <ClInclude Include="Cell.h">
      <Filter>Header Files</Filter>
    </ClInclude>
    <ClInclude Include="EditText.h">
      <Filter>Header Files</Filter>
    </ClInclude>
    <ClInclude Include="ErrorDialog.h">
      <Filter>Header Files</Filter>
    </ClInclude>
    <ClInclude Include="FontManager.h">
      <Filter>Header Files</Filter>
    </ClInclude>
    <ClInclude Include="HorizontalLayout.h">
      <Filter>Header Files</Filter>
    </ClInclude>
    <ClInclude Include="IHandler.h">
      <Filter>Header Files</Filter>
    </ClInclude>
    <ClInclude Include="ImageButton.h">
      <Filter>Header Files</Filter>
    </ClInclude>
    <ClInclude Include="ImageTexture.h">
      <Filter>Header Files</Filter>
    </ClInclude>
    <ClInclude Include="ImageView.h">
      <Filter>Header Files</Filter>
    </ClInclude>
    <ClInclude Include="LoadResourceException.h">
      <Filter>Header Files</Filter>
    </ClInclude>
    <ClInclude Include="Matrix.h">
      <Filter>Header Files</Filter>
    </ClInclude>
    <ClInclude Include="RectUtils.h">
      <Filter>Header Files</Filter>
    </ClInclude>
    <ClInclude Include="RelativeLayout.h">
      <Filter>Header Files</Filter>
    </ClInclude>
    <ClInclude Include="ResourceLoader.h">
      <Filter>Header Files</Filter>
    </ClInclude>
    <ClInclude Include="KeyValueFile.h">
      <Filter>Header Files</Filter>
    </ClInclude>
    <ClInclude Include="LifeView.h">
      <Filter>Header Files</Filter>
    </ClInclude>
    <ClInclude Include="CoinView.h">
      <Filter>Header Files</Filter>
    </ClInclude>
    <ClInclude Include="MainScreen.h">
      <Filter>Header Files</Filter>
    </ClInclude>
    <ClInclude Include="LevelInfo.h">
      <Filter>Header Files</Filter>
    </ClInclude>
    <ClInclude Include="~example_class.h">
      <Filter>Header Files</Filter>
    </ClInclude>
    <ClInclude Include="Tool.h">
      <Filter>Header Files</Filter>
    </ClInclude>
    <ClInclude Include="ToolView.h">
      <Filter>Header Files</Filter>
    </ClInclude>
    <ClInclude Include="BoardObject.h">
      <Filter>Header Files</Filter>
    </ClInclude>
    <ClInclude Include="GameScreen.h">
      <Filter>Header Files</Filter>
    </ClInclude>
    <ClInclude Include="Character.h">
      <Filter>Header Files</Filter>
    </ClInclude>
    <ClInclude Include="InteractableObject.h">
      <Filter>Header Files</Filter>
    </ClInclude>
    <ClInclude Include="MovingObject.h">
      <Filter>Header Files</Filter>
    </ClInclude>
    <ClInclude Include="UnInteractableObject.h">
      <Filter>Header Files</Filter>
    </ClInclude>
    <ClInclude Include="Player.h">
      <Filter>Header Files</Filter>
    </ClInclude>
    <ClInclude Include="~main_tests.h">
      <Filter>Header Files</Filter>
    </ClInclude>
    <ClInclude Include="LevelFileManager.h">
      <Filter>Header Files</Filter>
    </ClInclude>
    <ClInclude Include="GameObjectInfo.h">
      <Filter>Header Files</Filter>
    </ClInclude>
    <ClInclude Include="ParseGOIException.h">
      <Filter>Header Files</Filter>
    </ClInclude>
    <ClInclude Include="GOIFileParser.h">
      <Filter>Header Files</Filter>
    </ClInclude>
    <ClInclude Include="GameMenu.h">
      <Filter>Header Files</Filter>
    </ClInclude>
    <ClInclude Include="BODS.h">
      <Filter>Header Files</Filter>
    </ClInclude>
    <ClInclude Include="Flow.h">
      <Filter>Header Files</Filter>
    </ClInclude>
    <ClInclude Include="GameObjectsList.h">
      <Filter>Header Files</Filter>
    </ClInclude>
    <ClInclude Include="GameObjectView.h">
      <Filter>Header Files</Filter>
    </ClInclude>
    <ClInclude Include="NPC.h">
      <Filter>Header Files</Filter>
    </ClInclude>
    <ClInclude Include="Shark.h">
      <Filter>Header Files</Filter>
    </ClInclude>
    <ClInclude Include="StaticObject.h">
      <Filter>Header Files</Filter>
    </ClInclude>
    <ClInclude Include="World.h">
      <Filter>Header Files</Filter>
    </ClInclude>
    <ClInclude Include="Wall.h">
      <Filter>Header Files</Filter>
    </ClInclude>
    <ClInclude Include="Crab.h">
      <Filter>Header Files</Filter>
    </ClInclude>
    <ClInclude Include="Surprise.h">
      <Filter>Header Files</Filter>
    </ClInclude>
    <ClInclude Include="Container.h">
      <Filter>Header Files</Filter>
    </ClInclude>
    <ClInclude Include="Chest.h">
      <Filter>Header Files</Filter>
    </ClInclude>
    <ClInclude Include="AK47.h">
      <Filter>Header Files</Filter>
    </ClInclude>
    <ClInclude Include="HotWeapon.h">
      <Filter>Header Files</Filter>
    </ClInclude>
    <ClInclude Include="Weapon.h">
      <Filter>Header Files</Filter>
    </ClInclude>
    <ClInclude Include="WorkingTool.h">
      <Filter>Header Files</Filter>
    </ClInclude>
    <ClInclude Include="EditMapView.h">
      <Filter>Header Files</Filter>
    </ClInclude>
    <ClInclude Include="MapCellView.h">
      <Filter>Header Files</Filter>
    </ClInclude>
    <ClInclude Include="Bullet.h">
      <Filter>Header Files</Filter>
    </ClInclude>
    <ClInclude Include="Projectile.h">
      <Filter>Header Files</Filter>
    </ClInclude>
    <ClInclude Include="Gift.h">
      <Filter>Header Files</Filter>
    </ClInclude>
    <ClInclude Include="LifeGift.h">
      <Filter>Header Files</Filter>
    </ClInclude>
    <ClInclude Include="EditMenu.h">
      <Filter>Header Files</Filter>
    </ClInclude>
    <ClInclude Include="EditScreen.h">
      <Filter>Header Files</Filter>
    </ClInclude>
    <ClInclude Include="Rubber.h">
      <Filter>Header Files</Filter>
    </ClInclude>
    <ClInclude Include="ToolGift.h">
      <Filter>Header Files</Filter>
    </ClInclude>
  </ItemGroup>
  <ItemGroup>
    <None Include="levels.json" />
    <None Include="fonts\fonts.json" />
    <None Include="sounds\back_musics.json" />
    <None Include="sounds\sounds.json" />
    <None Include="textures\textures.json" />
    <None Include="game_objects.json" />
    <None Include="ClassDiagram.cd" />
  </ItemGroup>
</Project>